
Microsoft Visual Studio Solution File, Format Version 12.00
# Visual Studio Version 17
VisualStudioVersion = 17.2.32630.192
MinimumVisualStudioVersion = 10.0.40219.1
Project("{FAE04EC0-301F-11D3-BF4B-00C04F79EFBC}") = "AWS.SES.NET6", "AWS.SES.NET6\AWS.SES.NET6.csproj", "{173EFEF7-030A-424A-B0D5-31E72568FA41}"
EndProject
Global
	GlobalSection(SolutionConfigurationPlatforms) = preSolution
		Debug|Any CPU = Debug|Any CPU
		Release|Any CPU = Release|Any CPU
	EndGlobalSection
	GlobalSection(ProjectConfigurationPlatforms) = postSolution
		{173EFEF7-030A-424A-B0D5-31E72568FA41}.Debug|Any CPU.ActiveCfg = Debug|Any CPU
		{173EFEF7-030A-424A-B0D5-31E72568FA41}.Debug|Any CPU.Build.0 = Debug|Any CPU
		{173EFEF7-030A-424A-B0D5-31E72568FA41}.Release|Any CPU.ActiveCfg = Release|Any CPU
		{173EFEF7-030A-424A-B0D5-31E72568FA41}.Release|Any CPU.Build.0 = Release|Any CPU
	EndGlobalSection
	GlobalSection(SolutionProperties) = preSolution
		HideSolutionNode = FALSE
	EndGlobalSection
	GlobalSection(ExtensibilityGlobals) = postSolution
		SolutionGuid = {648D54AB-3C61-4296-A1B2-3D5273D72859}
	EndGlobalSection
EndGlobal
